
Microsoft Visual Studio Solution File, Format Version 12.00
# Visual Studio Version 17
VisualStudioVersion = 17.0.32014.148
MinimumVisualStudioVersion = 10.0.40219.1
Project("{FAE04EC0-301F-11D3-BF4B-00C04F79EFBC}") = "Nubimetrics_ChallengeCurrencies.WebApi", "Nubimetrics_ChallengeCurrencies\Nubimetrics_ChallengeCurrencies.WebApi.csproj", "{27700261-2518-4E3E-BCCA-BE73599D4B3B}"
EndProject
Project("{FAE04EC0-301F-11D3-BF4B-00C04F79EFBC}") = "Nubimetrics_ChallengeCurrencies.Services", "Nubimetrics_ChallengeCurrencies.Services\Nubimetrics_ChallengeCurrencies.Services.csproj", "{2BD04362-9701-4B95-BF81-DDE0CB33A2E7}"
EndProject
Global
	GlobalSection(SolutionConfigurationPlatforms) = preSolution
		Debug|Any CPU = Debug|Any CPU
		Release|Any CPU = Release|Any CPU
	EndGlobalSection
	GlobalSection(ProjectConfigurationPlatforms) = postSolution
		{27700261-2518-4E3E-BCCA-BE73599D4B3B}.Debug|Any CPU.ActiveCfg = Debug|Any CPU
		{27700261-2518-4E3E-BCCA-BE73599D4B3B}.Debug|Any CPU.Build.0 = Debug|Any CPU
		{27700261-2518-4E3E-BCCA-BE73599D4B3B}.Release|Any CPU.ActiveCfg = Release|Any CPU
		{27700261-2518-4E3E-BCCA-BE73599D4B3B}.Release|Any CPU.Build.0 = Release|Any CPU
		{2BD04362-9701-4B95-BF81-DDE0CB33A2E7}.Debug|Any CPU.ActiveCfg = Debug|Any CPU
		{2BD04362-9701-4B95-BF81-DDE0CB33A2E7}.Debug|Any CPU.Build.0 = Debug|Any CPU
		{2BD04362-9701-4B95-BF81-DDE0CB33A2E7}.Release|Any CPU.ActiveCfg = Release|Any CPU
		{2BD04362-9701-4B95-BF81-DDE0CB33A2E7}.Release|Any CPU.Build.0 = Release|Any CPU
	EndGlobalSection
	GlobalSection(SolutionProperties) = preSolution
		HideSolutionNode = FALSE
	EndGlobalSection
	GlobalSection(ExtensibilityGlobals) = postSolution
		SolutionGuid = {E3EA0CAC-CA16-4200-A653-2D7BA17DDE33}
	EndGlobalSection
EndGlobal
